
Microsoft Visual Studio Solution File, Format Version 12.00
# Visual Studio Version 16
VisualStudioVersion = 16.0.29519.181
MinimumVisualStudioVersion = 10.0.40219.1
Project("{FAE04EC0-301F-11D3-BF4B-00C04F79EFBC}") = "NetCoreVueTemplate", "NetCoreVueTemplate\NetCoreVueTemplate.csproj", "{9E60E5C0-8112-4EFC-9E00-7EA4F41B9450}"
EndProject
Global
	GlobalSection(SolutionConfigurationPlatforms) = preSolution
		Debug|Any CPU = Debug|Any CPU
		Release|Any CPU = Release|Any CPU
	EndGlobalSection
	GlobalSection(ProjectConfigurationPlatforms) = postSolution
		{9E60E5C0-8112-4EFC-9E00-7EA4F41B9450}.Debug|Any CPU.ActiveCfg = Debug|Any CPU
		{9E60E5C0-8112-4EFC-9E00-7EA4F41B9450}.Debug|Any CPU.Build.0 = Debug|Any CPU
		{9E60E5C0-8112-4EFC-9E00-7EA4F41B9450}.Release|Any CPU.ActiveCfg = Release|Any CPU
		{9E60E5C0-8112-4EFC-9E00-7EA4F41B9450}.Release|Any CPU.Build.0 = Release|Any CPU
	EndGlobalSection
	GlobalSection(SolutionProperties) = preSolution
		HideSolutionNode = FALSE
	EndGlobalSection
	GlobalSection(ExtensibilityGlobals) = postSolution
		SolutionGuid = {DB6B4583-C8FC-4002-AFF9-5D004F8B3F47}
	EndGlobalSection
EndGlobal
